
Microsoft Visual Studio Solution File, Format Version 12.00
# Visual Studio Version 17
VisualStudioVersion = 17.5.33424.131
MinimumVisualStudioVersion = 10.0.40219.1
Project("{9A19103F-16F7-4668-BE54-9A1E7A4F7556}") = "HistoricalSamuraiBattles", "HistoricalSamuraiBattles\HistoricalSamuraiBattles.csproj", "{83EDEDD5-18EA-4055-9063-1EDBC33AE0DE}"
EndProject
Project("{9A19103F-16F7-4668-BE54-9A1E7A4F7556}") = "HSB.Domain", "HSB.Domain\HSB.Domain.csproj", "{F6642AF3-4288-430C-B942-AEC0CF5D3A61}"
EndProject
Project("{9A19103F-16F7-4668-BE54-9A1E7A4F7556}") = "HSB.Application", "HSB.Application\HSB.Application.csproj", "{63775B39-FB93-402E-9977-DFD4AA160A6B}"
EndProject
Project("{9A19103F-16F7-4668-BE54-9A1E7A4F7556}") = "HSB.Infrastructure", "HSB.Infrastructure\HSB.Infrastructure.csproj", "{622D8D62-9EA7-4D55-BEEB-81C4E7D07E7E}"
EndProject
Project("{FAE04EC0-301F-11D3-BF4B-00C04F79EFBC}") = "HSB.Presentation", "HSB.Presentation\HSB.Presentation.csproj", "{D3A05B8F-37AD-4A6D-99C7-129128B2CD7C}"
EndProject
Global
	GlobalSection(SolutionConfigurationPlatforms) = preSolution
		Debug|Any CPU = Debug|Any CPU
		Release|Any CPU = Release|Any CPU
	EndGlobalSection
	GlobalSection(ProjectConfigurationPlatforms) = postSolution
		{83EDEDD5-18EA-4055-9063-1EDBC33AE0DE}.Debug|Any CPU.ActiveCfg = Debug|Any CPU
		{83EDEDD5-18EA-4055-9063-1EDBC33AE0DE}.Debug|Any CPU.Build.0 = Debug|Any CPU
		{83EDEDD5-18EA-4055-9063-1EDBC33AE0DE}.Release|Any CPU.ActiveCfg = Release|Any CPU
		{83EDEDD5-18EA-4055-9063-1EDBC33AE0DE}.Release|Any CPU.Build.0 = Release|Any CPU
		{F6642AF3-4288-430C-B942-AEC0CF5D3A61}.Debug|Any CPU.ActiveCfg = Debug|Any CPU
		{F6642AF3-4288-430C-B942-AEC0CF5D3A61}.Debug|Any CPU.Build.0 = Debug|Any CPU
		{F6642AF3-4288-430C-B942-AEC0CF5D3A61}.Release|Any CPU.ActiveCfg = Release|Any CPU
		{F6642AF3-4288-430C-B942-AEC0CF5D3A61}.Release|Any CPU.Build.0 = Release|Any CPU
		{63775B39-FB93-402E-9977-DFD4AA160A6B}.Debug|Any CPU.ActiveCfg = Debug|Any CPU
		{63775B39-FB93-402E-9977-DFD4AA160A6B}.Debug|Any CPU.Build.0 = Debug|Any CPU
		{63775B39-FB93-402E-9977-DFD4AA160A6B}.Release|Any CPU.ActiveCfg = Release|Any CPU
		{63775B39-FB93-402E-9977-DFD4AA160A6B}.Release|Any CPU.Build.0 = Release|Any CPU
		{622D8D62-9EA7-4D55-BEEB-81C4E7D07E7E}.Debug|Any CPU.ActiveCfg = Debug|Any CPU
		{622D8D62-9EA7-4D55-BEEB-81C4E7D07E7E}.Debug|Any CPU.Build.0 = Debug|Any CPU
		{622D8D62-9EA7-4D55-BEEB-81C4E7D07E7E}.Release|Any CPU.ActiveCfg = Release|Any CPU
		{622D8D62-9EA7-4D55-BEEB-81C4E7D07E7E}.Release|Any CPU.Build.0 = Release|Any CPU
		{D3A05B8F-37AD-4A6D-99C7-129128B2CD7C}.Debug|Any CPU.ActiveCfg = Debug|Any CPU
		{D3A05B8F-37AD-4A6D-99C7-129128B2CD7C}.Debug|Any CPU.Build.0 = Debug|Any CPU
		{D3A05B8F-37AD-4A6D-99C7-129128B2CD7C}.Release|Any CPU.ActiveCfg = Release|Any CPU
		{D3A05B8F-37AD-4A6D-99C7-129128B2CD7C}.Release|Any CPU.Build.0 = Release|Any CPU
	EndGlobalSection
	GlobalSection(SolutionProperties) = preSolution
		HideSolutionNode = FALSE
	EndGlobalSection
	GlobalSection(ExtensibilityGlobals) = postSolution
		SolutionGuid = {0DA7ECA5-BCB7-4025-B7ED-E507445CBF60}
	EndGlobalSection
EndGlobal
